# This file is automatically @generated by Cargo.
# It is not intended for manual editing.
version = 4

[[package]]
name = "rut-ast"
version = "0.1.0"
source = "git+https://github.com/hpp2334/rut?rev=3165f9373bac04c77493d0331cdf7c7d72b3b85f#3165f9373bac04c77493d0331cdf7c7d72b3b85f"
dependencies = [
 "rut-core",
 "rut-lexer",
]

[[package]]
name = "rut-core"
version = "0.1.0"
source = "git+https://github.com/hpp2334/rut?rev=3165f9373bac04c77493d0331cdf7c7d72b3b85f#3165f9373bac04c77493d0331cdf7c7d72b3b85f"

[[package]]
name = "rut-fluent"
version = "0.1.0"
dependencies = [
 "rut-ast",
 "rut-lexer",
 "rut-parser",
]

[[package]]
name = "rut-lexer"
version = "0.1.0"
source = "git+https://github.com/hpp2334/rut?rev=3165f9373bac04c77493d0331cdf7c7d72b3b85f#3165f9373bac04c77493d0331cdf7c7d72b3b85f"

[[package]]
name = "rut-parser"
version = "0.1.0"
source = "git+https://github.com/hpp2334/rut?rev=3165f9373bac04c77493d0331cdf7c7d72b3b85f#3165f9373bac04c77493d0331cdf7c7d72b3b85f"
dependencies = [
 "rut-ast",
 "rut-core",
 "rut-lexer",
]
